
Microsoft Visual Studio Solution File, Format Version 12.00
# Visual Studio Version 16
VisualStudioVersion = 16.0.30114.105
MinimumVisualStudioVersion = 10.0.40219.1
Project("{FAE04EC0-301F-11D3-BF4B-00C04F79EFBC}") = "Sample.DynamicWebApi", "Sample.DynamicWebApi\Sample.DynamicWebApi.csproj", "{966D3F6E-B2AD-4D38-B79D-24891A92C6A0}"
EndProject
Project("{FAE04EC0-301F-11D3-BF4B-00C04F79EFBC}") = "Sample.WebApi", "Sample.WebApi\Sample.WebApi.csproj", "{DBA36000-BAE1-400B-BECE-1EB012F5C413}"
EndProject
Global
	GlobalSection(SolutionConfigurationPlatforms) = preSolution
		Debug|Any CPU = Debug|Any CPU
		Release|Any CPU = Release|Any CPU
	EndGlobalSection
	GlobalSection(SolutionProperties) = preSolution
		HideSolutionNode = FALSE
	EndGlobalSection
	GlobalSection(ProjectConfigurationPlatforms) = postSolution
		{966D3F6E-B2AD-4D38-B79D-24891A92C6A0}.Debug|Any CPU.ActiveCfg = Debug|Any CPU
		{966D3F6E-B2AD-4D38-B79D-24891A92C6A0}.Debug|Any CPU.Build.0 = Debug|Any CPU
		{966D3F6E-B2AD-4D38-B79D-24891A92C6A0}.Release|Any CPU.ActiveCfg = Release|Any CPU
		{966D3F6E-B2AD-4D38-B79D-24891A92C6A0}.Release|Any CPU.Build.0 = Release|Any CPU
		{DBA36000-BAE1-400B-BECE-1EB012F5C413}.Debug|Any CPU.ActiveCfg = Debug|Any CPU
		{DBA36000-BAE1-400B-BECE-1EB012F5C413}.Debug|Any CPU.Build.0 = Debug|Any CPU
		{DBA36000-BAE1-400B-BECE-1EB012F5C413}.Release|Any CPU.ActiveCfg = Release|Any CPU
		{DBA36000-BAE1-400B-BECE-1EB012F5C413}.Release|Any CPU.Build.0 = Release|Any CPU
	EndGlobalSection
EndGlobal
